// !$*UTF8*$!
{
	archiveVersion = 1;
	classes = {
	};
	objectVersion = 46;
	objects = {

/* Begin PBXBuildFile section */
		E208D143167B723200500836 /* libsqlite3.dylib in Frameworks */ = {isa = PBXBuildFile; fileRef = E208D142167B723200500836 /* libsqlite3.dylib */; };
		E208D149167B76B700500836 /* CFNetwork.framework in Frameworks */ = {isa = PBXBuildFile; fileRef = E208D148167B76B700500836 /* CFNetwork.framework */; };
		E208D1B3167BB17E00500836 /* CoreServices.framework in Frameworks */ = {isa = PBXBuildFile; fileRef = E208D1B2167BB17E00500836 /* CoreServices.framework */; };
		E209F812169005AB00FF3062 /* GCDWebServer.m in Sources */ = {isa = PBXBuildFile; fileRef = E209F80D169005AB00FF3062 /* GCDWebServer.m */; };
		E209F813169005AB00FF3062 /* GCDWebServerRequest.m in Sources */ = {isa = PBXBuildFile; fileRef = E209F80F169005AB00FF3062 /* GCDWebServerRequest.m */; };
		E209F814169005AB00FF3062 /* GCDWebServerResponse.m in Sources */ = {isa = PBXBuildFile; fileRef = E209F811169005AB00FF3062 /* GCDWebServerResponse.m */; };
		E22112441690B1D70048D2B2 /* GCDWebServerConnection.m in Sources */ = {isa = PBXBuildFile; fileRef = E22112431690B1D70048D2B2 /* GCDWebServerConnection.m */; };
		E2EE638D147DAE630004D40B /* main.m in Sources */ = {isa = PBXBuildFile; fileRef = E2EE638C147DAE630004D40B /* main.m */; };
/* End PBXBuildFile section */

/* Begin PBXFileReference section */
		8DD76FB20486AB0100D96B5E /* GCDWebServer */ = {isa = PBXFileReference; explicitFileType = "compiled.mach-o.executable"; includeInIndex = 0; path = GCDWebServer; sourceTree = BUILT_PRODUCTS_DIR; };
		E208D142167B723200500836 /* libsqlite3.dylib */ = {isa = PBXFileReference; lastKnownFileType = "compiled.mach-o.dylib"; name = libsqlite3.dylib; path = usr/lib/libsqlite3.dylib; sourceTree = SDKROOT; };
		E208D148167B76B700500836 /* CFNetwork.framework */ = {isa = PBXFileReference; lastKnownFileType = wrapper.framework; name = CFNetwork.framework; path = System/Library/Frameworks/CFNetwork.framework; sourceTree = SDKROOT; };
		E208D1B2167BB17E00500836 /* CoreServices.framework */ = {isa = PBXFileReference; lastKnownFileType = wrapper.framework; name = CoreServices.framework; path = System/Library/Frameworks/CoreServices.framework; sourceTree = SDKROOT; };
		E209F80C169005AB00FF3062 /* GCDWebServer.h */ = {isa = PBXFileReference; fileEncoding = 4; lastKnownFileType = sourcecode.c.h; path = GCDWebServer.h; sourceTree = "<group>"; };
		E209F80D169005AB00FF3062 /* GCDWebServer.m */ = {isa = PBXFileReference; fileEncoding = 4; lastKnownFileType = sourcecode.c.objc; path = GCDWebServer.m; sourceTree = "<group>"; };
		E209F80E169005AB00FF3062 /* GCDWebServerRequest.h */ = {isa = PBXFileReference; fileEncoding = 4; lastKnownFileType = sourcecode.c.h; path = GCDWebServerRequest.h; sourceTree = "<group>"; };
		E209F80F169005AB00FF3062 /* GCDWebServerRequest.m */ = {isa = PBXFileReference; fileEncoding = 4; lastKnownFileType = sourcecode.c.objc; path = GCDWebServerRequest.m; sourceTree = "<group>"; };
		E209F810169005AB00FF3062 /* GCDWebServerResponse.h */ = {isa = PBXFileReference; fileEncoding = 4; lastKnownFileType = sourcecode.c.h; path = GCDWebServerResponse.h; sourceTree = "<group>"; };
		E209F811169005AB00FF3062 /* GCDWebServerResponse.m */ = {isa = PBXFileReference; fileEncoding = 4; lastKnownFileType = sourcecode.c.objc; path = GCDWebServerResponse.m; sourceTree = "<group>"; };
		E22112421690B1D70048D2B2 /* GCDWebServerConnection.h */ = {isa = PBXFileReference; fileEncoding = 4; lastKnownFileType = sourcecode.c.h; path = GCDWebServerConnection.h; sourceTree = "<group>"; };
		E22112431690B1D70048D2B2 /* GCDWebServerConnection.m */ = {isa = PBXFileReference; fileEncoding = 4; lastKnownFileType = sourcecode.c.objc; path = GCDWebServerConnection.m; sourceTree = "<group>"; };
		E2448DF616900A550069FA25 /* GCDWebServerPrivate.h */ = {isa = PBXFileReference; fileEncoding = 4; lastKnownFileType = sourcecode.c.h; path = GCDWebServerPrivate.h; sourceTree = "<group>"; };
		E2EE638C147DAE630004D40B /* main.m */ = {isa = PBXFileReference; fileEncoding = 4; lastKnownFileType = sourcecode.c.objc; path = main.m; sourceTree = "<group>"; };
/* End PBXFileReference section */

/* Begin PBXFrameworksBuildPhase section */
		8DD76FAD0486AB0100D96B5E /* Frameworks */ = {
			isa = PBXFrameworksBuildPhase;
			buildActionMask = 2147483647;
			files = (
				E208D1B3167BB17E00500836 /* CoreServices.framework in Frameworks */,
				E208D149167B76B700500836 /* CFNetwork.framework in Frameworks */,
				E208D143167B723200500836 /* libsqlite3.dylib in Frameworks */,
			);
			runOnlyForDeploymentPostprocessing = 0;
		};
/* End PBXFrameworksBuildPhase section */

/* Begin PBXGroup section */
		08FB7794FE84155DC02AAC07 /* LittleCMS */ = {
			isa = PBXGroup;
			children = (
				08FB7795FE84155DC02AAC07 /* Source */,
				E282F1A7150FF0630004D7C0 /* Frameworks and Libraries */,
				1AB674ADFE9D54B511CA2CBB /* Products */,
			);
			name = LittleCMS;
			sourceTree = "<group>";
		};
		08FB7795FE84155DC02AAC07 /* Source */ = {
			isa = PBXGroup;
			children = (
				E2EE638C147DAE630004D40B /* main.m */,
				E209F80B169005AB00FF3062 /* CGDWebServer */,
			);
			name = Source;
			sourceTree = "<group>";
		};
		1AB674ADFE9D54B511CA2CBB /* Products */ = {
			isa = PBXGroup;
			children = (
				8DD76FB20486AB0100D96B5E /* GCDWebServer */,
			);
			name = Products;
			sourceTree = "<group>";
		};
		E209F80B169005AB00FF3062 /* CGDWebServer */ = {
			isa = PBXGroup;
			children = (
				E209F80C169005AB00FF3062 /* GCDWebServer.h */,
				E209F80D169005AB00FF3062 /* GCDWebServer.m */,
				E22112421690B1D70048D2B2 /* GCDWebServerConnection.h */,
				E22112431690B1D70048D2B2 /* GCDWebServerConnection.m */,
				E2448DF616900A550069FA25 /* GCDWebServerPrivate.h */,
				E209F80E169005AB00FF3062 /* GCDWebServerRequest.h */,
				E209F80F169005AB00FF3062 /* GCDWebServerRequest.m */,
				E209F810169005AB00FF3062 /* GCDWebServerResponse.h */,
				E209F811169005AB00FF3062 /* GCDWebServerResponse.m */,
			);
			path = CGDWebServer;
			sourceTree = "<group>";
		};
		E282F1A7150FF0630004D7C0 /* Frameworks and Libraries */ = {
			isa = PBXGroup;
			children = (
				E208D1B2167BB17E00500836 /* CoreServices.framework */,
				E208D148167B76B700500836 /* CFNetwork.framework */,
				E208D142167B723200500836 /* libsqlite3.dylib */,
			);
			name = "Frameworks and Libraries";
			sourceTree = "<group>";
		};
/* End PBXGroup section */

/* Begin PBXNativeTarget section */
		8DD76FA90486AB0100D96B5E /* GCDWebServer */ = {
			isa = PBXNativeTarget;
			buildConfigurationList = 1DEB928508733DD80010E9CD /* Build configuration list for PBXNativeTarget "GCDWebServer" */;
			buildPhases = (
				8DD76FAB0486AB0100D96B5E /* Sources */,
				8DD76FAD0486AB0100D96B5E /* Frameworks */,
			);
			buildRules = (
			);
			dependencies = (
			);
			name = GCDWebServer;
			productInstallPath = "$(HOME)/bin";
			productName = LittleCMS;
			productReference = 8DD76FB20486AB0100D96B5E /* GCDWebServer */;
			productType = "com.apple.product-type.tool";
		};
/* End PBXNativeTarget section */

/* Begin PBXProject section */
		08FB7793FE84155DC02AAC07 /* Project object */ = {
			isa = PBXProject;
			buildConfigurationList = 1DEB928908733DD80010E9CD /* Build configuration list for PBXProject "GCDWebServer" */;
			compatibilityVersion = "Xcode 3.2";
			developmentRegion = English;
			hasScannedForEncodings = 1;
			knownRegions = (
				English,
				Japanese,
				French,
				German,
			);
			mainGroup = 08FB7794FE84155DC02AAC07 /* LittleCMS */;
			projectDirPath = "";
			projectRoot = "";
			targets = (
				8DD76FA90486AB0100D96B5E /* GCDWebServer */,
			);
		};
/* End PBXProject section */

/* Begin PBXSourcesBuildPhase section */
		8DD76FAB0486AB0100D96B5E /* Sources */ = {
			isa = PBXSourcesBuildPhase;
			buildActionMask = 2147483647;
			files = (
				E2EE638D147DAE630004D40B /* main.m in Sources */,
				E209F812169005AB00FF3062 /* GCDWebServer.m in Sources */,
				E209F813169005AB00FF3062 /* GCDWebServerRequest.m in Sources */,
				E209F814169005AB00FF3062 /* GCDWebServerResponse.m in Sources */,
				E22112441690B1D70048D2B2 /* GCDWebServerConnection.m in Sources */,
			);
			runOnlyForDeploymentPostprocessing = 0;
		};
/* End PBXSourcesBuildPhase section */

/* Begin XCBuildConfiguration section */
		1DEB928608733DD80010E9CD /* Debug */ = {
			isa = XCBuildConfiguration;
			buildSettings = {
				PRODUCT_NAME = GCDWebServer;
			};
			name = Debug;
		};
		1DEB928708733DD80010E9CD /* Release */ = {
			isa = XCBuildConfiguration;
			buildSettings = {
				PRODUCT_NAME = GCDWebServer;
			};
			name = Release;
		};
		1DEB928A08733DD80010E9CD /* Debug */ = {
			isa = XCBuildConfiguration;
			buildSettings = {
				ARCHS = "$(ARCHS_STANDARD_32_64_BIT)";
				GCC_OPTIMIZATION_LEVEL = 0;
				MACOSX_DEPLOYMENT_TARGET = 10.7;
				ONLY_ACTIVE_ARCH = YES;
				SDKROOT = macosx;
				WARNING_CFLAGS = "-Wall";
			};
			name = Debug;
		};
		1DEB928B08733DD80010E9CD /* Release */ = {
			isa = XCBuildConfiguration;
			buildSettings = {
				ARCHS = "$(ARCHS_STANDARD_32_64_BIT)";
				GCC_PREPROCESSOR_DEFINITIONS = (
					NDEBUG,
					NS_BLOCK_ASSERTIONS,
				);
				MACOSX_DEPLOYMENT_TARGET = 10.7;
				SDKROOT = macosx;
				WARNING_CFLAGS = "-Wall";
			};
			name = Release;
		};
/* End XCBuildConfiguration section */

/* Begin XCConfigurationList section */
		1DEB928508733DD80010E9CD /* Build configuration list for PBXNativeTarget "GCDWebServer" */ = {
			isa = XCConfigurationList;
			buildConfigurations = (
				1DEB928608733DD80010E9CD /* Debug */,
				1DEB928708733DD80010E9CD /* Release */,
			);
			defaultConfigurationIsVisible = 0;
			defaultConfigurationName = Release;
		};
		1DEB928908733DD80010E9CD /* Build configuration list for PBXProject "GCDWebServer" */ = {
			isa = XCConfigurationList;
			buildConfigurations = (
				1DEB928A08733DD80010E9CD /* Debug */,
				1DEB928B08733DD80010E9CD /* Release */,
			);
			defaultConfigurationIsVisible = 0;
			defaultConfigurationName = Release;
		};
/* End XCConfigurationList section */
	};
	rootObject = 08FB7793FE84155DC02AAC07 /* Project object */;
}
